// !$*UTF8*$!
{
	archiveVersion = 1;
	classes = {
	};
	objectVersion = 56;
	objects = {

/* Begin PBXBuildFile section */
		93A092D4ED6F358C3A845589 /* Pods_GifMaker.framework in Frameworks */ = {isa = PBXBuildFile; fileRef = 9C6B1C0BE1CE67CDD5D61A2B /* Pods_GifMaker.framework */; };
		E82170E72A666E17009A95E7 /* createVC.swift in Sources */ = {isa = PBXBuildFile; fileRef = E82170E62A666E17009A95E7 /* createVC.swift */; };
		E82170E92A666FD4009A95E7 /* createCollectionViewCell.swift in Sources */ = {isa = PBXBuildFile; fileRef = E82170E82A666FD4009A95E7 /* createCollectionViewCell.swift */; };
		E82ED51B2A7045B000AFECE6 /* settingsTableViewCell.swift in Sources */ = {isa = PBXBuildFile; fileRef = E82ED51A2A7045B000AFECE6 /* settingsTableViewCell.swift */; };
		E83A825F2A766365007D4E92 /* SavedVC.swift in Sources */ = {isa = PBXBuildFile; fileRef = E83A825E2A766365007D4E92 /* SavedVC.swift */; };
		E83A82612A768BC6007D4E92 /* SavedGifsCollectionViewCell.swift in Sources */ = {isa = PBXBuildFile; fileRef = E83A82602A768BC6007D4E92 /* SavedGifsCollectionViewCell.swift */; };
		E83A82652A76A8E1007D4E92 /* Helper.swift in Sources */ = {isa = PBXBuildFile; fileRef = E83A82642A76A8E1007D4E92 /* Helper.swift */; };
		E897DCFF2A9651EA000E0FA5 /* videoToGifEditVC.swift in Sources */ = {isa = PBXBuildFile; fileRef = E897DCFE2A9651EA000E0FA5 /* videoToGifEditVC.swift */; };
		E8AD8B492A65777900C7BC31 /* AppDelegate.swift in Sources */ = {isa = PBXBuildFile; fileRef = E8AD8B482A65777900C7BC31 /* AppDelegate.swift */; };
		E8AD8B4B2A65777900C7BC31 /* SceneDelegate.swift in Sources */ = {isa = PBXBuildFile; fileRef = E8AD8B4A2A65777900C7BC31 /* SceneDelegate.swift */; };
		E8AD8B502A65777900C7BC31 /* Main.storyboard in Resources */ = {isa = PBXBuildFile; fileRef = E8AD8B4E2A65777900C7BC31 /* Main.storyboard */; };
		E8AD8B532A65777900C7BC31 /* GifMaker.xcdatamodeld in Sources */ = {isa = PBXBuildFile; fileRef = E8AD8B512A65777900C7BC31 /* GifMaker.xcdatamodeld */; };
		E8AD8B552A65777B00C7BC31 /* Assets.xcassets in Resources */ = {isa = PBXBuildFile; fileRef = E8AD8B542A65777B00C7BC31 /* Assets.xcassets */; };
		E8AD8B582A65777B00C7BC31 /* LaunchScreen.storyboard in Resources */ = {isa = PBXBuildFile; fileRef = E8AD8B562A65777B00C7BC31 /* LaunchScreen.storyboard */; };
		E8B700442A6F15AA00B51F6B /* SettingsVC.swift in Sources */ = {isa = PBXBuildFile; fileRef = E8B700432A6F15AA00B51F6B /* SettingsVC.swift */; };
		E8C0E2E22A9DFD2500698518 /* gifEditCollectionViewCell.swift in Sources */ = {isa = PBXBuildFile; fileRef = E8C0E2E12A9DFD2500698518 /* gifEditCollectionViewCell.swift */; };
		E8C4ABA92A7249E4004AE929 /* CustomTabBarController.swift in Sources */ = {isa = PBXBuildFile; fileRef = E8C4ABA82A7249E4004AE929 /* CustomTabBarController.swift */; };
		E8C9AE942A7BB3CA00EB8AD9 /* purchaseCollectionViewCell.swift in Sources */ = {isa = PBXBuildFile; fileRef = E8C9AE932A7BB3CA00EB8AD9 /* purchaseCollectionViewCell.swift */; };
		E8DE64282A78FABC0032A742 /* gifVC.swift in Sources */ = {isa = PBXBuildFile; fileRef = E8DE64272A78FABC0032A742 /* gifVC.swift */; };
		E8DE642A2A7A692E0032A742 /* Purchase.storyboard in Resources */ = {isa = PBXBuildFile; fileRef = E8DE64292A7A692E0032A742 /* Purchase.storyboard */; };
		E8DE642C2A7A69D20032A742 /* PurchaseVC.swift in Sources */ = {isa = PBXBuildFile; fileRef = E8DE642B2A7A69D20032A742 /* PurchaseVC.swift */; };
/* End PBXBuildFile section */

/* Begin PBXFileReference section */
		056199E67FC8DB49155C61CD /* Pods-GifMaker.debug.xcconfig */ = {isa = PBXFileReference; includeInIndex = 1; lastKnownFileType = text.xcconfig; name = "Pods-GifMaker.debug.xcconfig"; path = "Target Support Files/Pods-GifMaker/Pods-GifMaker.debug.xcconfig"; sourceTree = "<group>"; };
		250B2EBFB42BDE668192CC91 /* Pods-GifMaker.release.xcconfig */ = {isa = PBXFileReference; includeInIndex = 1; lastKnownFileType = text.xcconfig; name = "Pods-GifMaker.release.xcconfig"; path = "Target Support Files/Pods-GifMaker/Pods-GifMaker.release.xcconfig"; sourceTree = "<group>"; };
		9C6B1C0BE1CE67CDD5D61A2B /* Pods_GifMaker.framework */ = {isa = PBXFileReference; explicitFileType = wrapper.framework; includeInIndex = 0; path = Pods_GifMaker.framework; sourceTree = BUILT_PRODUCTS_DIR; };
		E82170E62A666E17009A95E7 /* createVC.swift */ = {isa = PBXFileReference; lastKnownFileType = sourcecode.swift; path = createVC.swift; sourceTree = "<group>"; };
		E82170E82A666FD4009A95E7 /* createCollectionViewCell.swift */ = {isa = PBXFileReference; lastKnownFileType = sourcecode.swift; path = createCollectionViewCell.swift; sourceTree = "<group>"; };
		E82ED51A2A7045B000AFECE6 /* settingsTableViewCell.swift */ = {isa = PBXFileReference; lastKnownFileType = sourcecode.swift; path = settingsTableViewCell.swift; sourceTree = "<group>"; };
		E83A825E2A766365007D4E92 /* SavedVC.swift */ = {isa = PBXFileReference; lastKnownFileType = sourcecode.swift; path = SavedVC.swift; sourceTree = "<group>"; };
		E83A82602A768BC6007D4E92 /* SavedGifsCollectionViewCell.swift */ = {isa = PBXFileReference; lastKnownFileType = sourcecode.swift; path = SavedGifsCollectionViewCell.swift; sourceTree = "<group>"; };
		E83A82642A76A8E1007D4E92 /* Helper.swift */ = {isa = PBXFileReference; lastKnownFileType = sourcecode.swift; path = Helper.swift; sourceTree = "<group>"; };
		E897DCFE2A9651EA000E0FA5 /* videoToGifEditVC.swift */ = {isa = PBXFileReference; lastKnownFileType = sourcecode.swift; path = videoToGifEditVC.swift; sourceTree = "<group>"; };
		E8AD8B452A65777900C7BC31 /* GifMaker.app */ = {isa = PBXFileReference; explicitFileType = wrapper.application; includeInIndex = 0; path = GifMaker.app; sourceTree = BUILT_PRODUCTS_DIR; };
		E8AD8B482A65777900C7BC31 /* AppDelegate.swift */ = {isa = PBXFileReference; lastKnownFileType = sourcecode.swift; path = AppDelegate.swift; sourceTree = "<group>"; };
		E8AD8B4A2A65777900C7BC31 /* SceneDelegate.swift */ = {isa = PBXFileReference; lastKnownFileType = sourcecode.swift; path = SceneDelegate.swift; sourceTree = "<group>"; };
		E8AD8B4F2A65777900C7BC31 /* Base */ = {isa = PBXFileReference; lastKnownFileType = file.storyboard; name = Base; path = Base.lproj/Main.storyboard; sourceTree = "<group>"; };
		E8AD8B522A65777900C7BC31 /* GifMaker.xcdatamodel */ = {isa = PBXFileReference; lastKnownFileType = wrapper.xcdatamodel; path = GifMaker.xcdatamodel; sourceTree = "<group>"; };
		E8AD8B542A65777B00C7BC31 /* Assets.xcassets */ = {isa = PBXFileReference; lastKnownFileType = folder.assetcatalog; path = Assets.xcassets; sourceTree = "<group>"; };
		E8AD8B572A65777B00C7BC31 /* Base */ = {isa = PBXFileReference; lastKnownFileType = file.storyboard; name = Base; path = Base.lproj/LaunchScreen.storyboard; sourceTree = "<group>"; };
		E8AD8B592A65777B00C7BC31 /* Info.plist */ = {isa = PBXFileReference; lastKnownFileType = text.plist.xml; path = Info.plist; sourceTree = "<group>"; };
		E8B700432A6F15AA00B51F6B /* SettingsVC.swift */ = {isa = PBXFileReference; lastKnownFileType = sourcecode.swift; path = SettingsVC.swift; sourceTree = "<group>"; };
		E8C0E2E12A9DFD2500698518 /* gifEditCollectionViewCell.swift */ = {isa = PBXFileReference; lastKnownFileType = sourcecode.swift; path = gifEditCollectionViewCell.swift; sourceTree = "<group>"; };
		E8C4ABA82A7249E4004AE929 /* CustomTabBarController.swift */ = {isa = PBXFileReference; lastKnownFileType = sourcecode.swift; path = CustomTabBarController.swift; sourceTree = "<group>"; };
		E8C9AE932A7BB3CA00EB8AD9 /* purchaseCollectionViewCell.swift */ = {isa = PBXFileReference; lastKnownFileType = sourcecode.swift; path = purchaseCollectionViewCell.swift; sourceTree = "<group>"; };
		E8DE64272A78FABC0032A742 /* gifVC.swift */ = {isa = PBXFileReference; lastKnownFileType = sourcecode.swift; path = gifVC.swift; sourceTree = "<group>"; };
		E8DE64292A7A692E0032A742 /* Purchase.storyboard */ = {isa = PBXFileReference; lastKnownFileType = file.storyboard; path = Purchase.storyboard; sourceTree = "<group>"; };
		E8DE642B2A7A69D20032A742 /* PurchaseVC.swift */ = {isa = PBXFileReference; lastKnownFileType = sourcecode.swift; path = PurchaseVC.swift; sourceTree = "<group>"; };
/* End PBXFileReference section */

/* Begin PBXFrameworksBuildPhase section */
		E8AD8B422A65777900C7BC31 /* Frameworks */ = {
			isa = PBXFrameworksBuildPhase;
			buildActionMask = 2147483647;
			files = (
				93A092D4ED6F358C3A845589 /* Pods_GifMaker.framework in Frameworks */,
			);
			runOnlyForDeploymentPostprocessing = 0;
		};
/* End PBXFrameworksBuildPhase section */

/* Begin PBXGroup section */
		2B06D6E52BEE744A009A592D /* Model */ = {
			isa = PBXGroup;
			children = (
			);
			path = Model;
			sourceTree = "<group>";
		};
		2B06D6E62BEE7464009A592D /* common */ = {
			isa = PBXGroup;
			children = (
				E83A82642A76A8E1007D4E92 /* Helper.swift */,
			);
			path = common;
			sourceTree = "<group>";
		};
		2B06D6E72BEE748C009A592D /* App initials */ = {
			isa = PBXGroup;
			children = (
				E8AD8B482A65777900C7BC31 /* AppDelegate.swift */,
				E8AD8B4A2A65777900C7BC31 /* SceneDelegate.swift */,
			);
			path = "App initials";
			sourceTree = "<group>";
		};
		2B06D6E82BEE74AA009A592D /* Assests */ = {
			isa = PBXGroup;
			children = (
				E8AD8B542A65777B00C7BC31 /* Assets.xcassets */,
			);
			path = Assests;
			sourceTree = "<group>";
		};
		2B6D79DFEAA4973446F0EE1E /* Frameworks */ = {
			isa = PBXGroup;
			children = (
				9C6B1C0BE1CE67CDD5D61A2B /* Pods_GifMaker.framework */,
			);
			name = Frameworks;
			sourceTree = "<group>";
		};
		47627B1D6136FD86DDC2BA6F /* Pods */ = {
			isa = PBXGroup;
			children = (
				056199E67FC8DB49155C61CD /* Pods-GifMaker.debug.xcconfig */,
				250B2EBFB42BDE668192CC91 /* Pods-GifMaker.release.xcconfig */,
			);
			path = Pods;
			sourceTree = "<group>";
		};
		E82ED5162A6FF25400AFECE6 /* Controllers */ = {
			isa = PBXGroup;
			children = (
				E8C0E2E02A9DB8A300698518 /* TabBar */,
				E8DE642D2A7A69DC0032A742 /* PURCHASE */,
				E82ED5192A6FF2C100AFECE6 /* photo-videoEdit */,
				E82ED5182A6FF2A300AFECE6 /* settings */,
			);
			path = Controllers;
			sourceTree = "<group>";
		};
		E82ED5172A6FF27800AFECE6 /* CreateVC */ = {
			isa = PBXGroup;
			children = (
				E82170E62A666E17009A95E7 /* createVC.swift */,
				E82170E82A666FD4009A95E7 /* createCollectionViewCell.swift */,
			);
			path = CreateVC;
			sourceTree = "<group>";
		};
		E82ED5182A6FF2A300AFECE6 /* settings */ = {
			isa = PBXGroup;
			children = (
				E8B700432A6F15AA00B51F6B /* SettingsVC.swift */,
				E82ED51A2A7045B000AFECE6 /* settingsTableViewCell.swift */,
			);
			path = settings;
			sourceTree = "<group>";
		};
		E82ED5192A6FF2C100AFECE6 /* photo-videoEdit */ = {
			isa = PBXGroup;
			children = (
				E897DCFE2A9651EA000E0FA5 /* videoToGifEditVC.swift */,
				E8C0E2E12A9DFD2500698518 /* gifEditCollectionViewCell.swift */,
			);
			path = "photo-videoEdit";
			sourceTree = "<group>";
		};
		E83A82622A768BD0007D4E92 /* SavedGifs */ = {
			isa = PBXGroup;
			children = (
				E83A825E2A766365007D4E92 /* SavedVC.swift */,
				E83A82602A768BC6007D4E92 /* SavedGifsCollectionViewCell.swift */,
			);
			path = SavedGifs;
			sourceTree = "<group>";
		};
		E8AD8B3C2A65777900C7BC31 = {
			isa = PBXGroup;
			children = (
				E8AD8B472A65777900C7BC31 /* GifMaker */,
				E8AD8B462A65777900C7BC31 /* Products */,
				47627B1D6136FD86DDC2BA6F /* Pods */,
				2B6D79DFEAA4973446F0EE1E /* Frameworks */,
			);
			sourceTree = "<group>";
		};
		E8AD8B462A65777900C7BC31 /* Products */ = {
			isa = PBXGroup;
			children = (
				E8AD8B452A65777900C7BC31 /* GifMaker.app */,
			);
			name = Products;
			sourceTree = "<group>";
		};
		E8AD8B472A65777900C7BC31 /* GifMaker */ = {
			isa = PBXGroup;
			children = (
				2B06D6E72BEE748C009A592D /* App initials */,
				2B06D6E62BEE7464009A592D /* common */,
				2B06D6E52BEE744A009A592D /* Model */,
				E8BAEBC32A83EB6000A79B53 /* Views */,
				E82ED5162A6FF25400AFECE6 /* Controllers */,
				2B06D6E82BEE74AA009A592D /* Assests */,
				E8AD8B592A65777B00C7BC31 /* Info.plist */,
				E8AD8B512A65777900C7BC31 /* GifMaker.xcdatamodeld */,
			);
			path = GifMaker;
			sourceTree = "<group>";
		};
		E8BAEBC32A83EB6000A79B53 /* Views */ = {
			isa = PBXGroup;
			children = (
				E8AD8B562A65777B00C7BC31 /* LaunchScreen.storyboard */,
				E8AD8B4E2A65777900C7BC31 /* Main.storyboard */,
				E8DE64292A7A692E0032A742 /* Purchase.storyboard */,
			);
			path = Views;
			sourceTree = "<group>";
		};
		E8C0E2DF2A9DB88500698518 /* GifVC */ = {
			isa = PBXGroup;
			children = (
				E8DE64272A78FABC0032A742 /* gifVC.swift */,
			);
			path = GifVC;
			sourceTree = "<group>";
		};
		E8C0E2E02A9DB8A300698518 /* TabBar */ = {
			isa = PBXGroup;
			children = (
				E8C4ABAA2A7278A2004AE929 /* customTab */,
				E8C0E2DF2A9DB88500698518 /* GifVC */,
				E83A82622A768BD0007D4E92 /* SavedGifs */,
				E82ED5172A6FF27800AFECE6 /* CreateVC */,
			);
			path = TabBar;
			sourceTree = "<group>";
		};
		E8C4ABAA2A7278A2004AE929 /* customTab */ = {
			isa = PBXGroup;
			children = (
				E8C4ABA82A7249E4004AE929 /* CustomTabBarController.swift */,
			);
			path = customTab;
			sourceTree = "<group>";
		};
		E8DE642D2A7A69DC0032A742 /* PURCHASE */ = {
			isa = PBXGroup;
			children = (
				E8DE642B2A7A69D20032A742 /* PurchaseVC.swift */,
				E8C9AE932A7BB3CA00EB8AD9 /* purchaseCollectionViewCell.swift */,
			);
			path = PURCHASE;
			sourceTree = "<group>";
		};
/* End PBXGroup section */

/* Begin PBXNativeTarget section */
		E8AD8B442A65777900C7BC31 /* GifMaker */ = {
			isa = PBXNativeTarget;
			buildConfigurationList = E8AD8B5C2A65777B00C7BC31 /* Build configuration list for PBXNativeTarget "GifMaker" */;
			buildPhases = (
				2E8791D1085FBCE268ABD2DC /* [CP] Check Pods Manifest.lock */,
				E8AD8B412A65777900C7BC31 /* Sources */,
				E8AD8B422A65777900C7BC31 /* Frameworks */,
				E8AD8B432A65777900C7BC31 /* Resources */,
				B2CD5BF7746F364757791298 /* [CP] Embed Pods Frameworks */,
			);
			buildRules = (
			);
			dependencies = (
			);
			name = GifMaker;
			productName = GifMaker;
			productReference = E8AD8B452A65777900C7BC31 /* GifMaker.app */;
			productType = "com.apple.product-type.application";
		};
/* End PBXNativeTarget section */

/* Begin PBXProject section */
		E8AD8B3D2A65777900C7BC31 /* Project object */ = {
			isa = PBXProject;
			attributes = {
				BuildIndependentTargetsInParallel = 1;
				LastSwiftUpdateCheck = 1430;
				LastUpgradeCheck = 1430;
				TargetAttributes = {
					E8AD8B442A65777900C7BC31 = {
						CreatedOnToolsVersion = 14.3;
					};
				};
			};
			buildConfigurationList = E8AD8B402A65777900C7BC31 /* Build configuration list for PBXProject "GifMaker" */;
			compatibilityVersion = "Xcode 14.0";
			developmentRegion = en;
			hasScannedForEncodings = 0;
			knownRegions = (
				en,
				Base,
			);
			mainGroup = E8AD8B3C2A65777900C7BC31;
			productRefGroup = E8AD8B462A65777900C7BC31 /* Products */;
			projectDirPath = "";
			projectRoot = "";
			targets = (
				E8AD8B442A65777900C7BC31 /* GifMaker */,
			);
		};
/* End PBXProject section */

/* Begin PBXResourcesBuildPhase section */
		E8AD8B432A65777900C7BC31 /* Resources */ = {
			isa = PBXResourcesBuildPhase;
			buildActionMask = 2147483647;
			files = (
				E8AD8B582A65777B00C7BC31 /* LaunchScreen.storyboard in Resources */,
				E8DE642A2A7A692E0032A742 /* Purchase.storyboard in Resources */,
				E8AD8B552A65777B00C7BC31 /* Assets.xcassets in Resources */,
				E8AD8B502A65777900C7BC31 /* Main.storyboard in Resources */,
			);
			runOnlyForDeploymentPostprocessing = 0;
		};
/* End PBXResourcesBuildPhase section */

/* Begin PBXShellScriptBuildPhase section */
		2E8791D1085FBCE268ABD2DC /* [CP] Check Pods Manifest.lock */ = {
			isa = PBXShellScriptBuildPhase;
			buildActionMask = 2147483647;
			files = (
			);
			inputFileListPaths = (
			);
			inputPaths = (
				"${PODS_PODFILE_DIR_PATH}/Podfile.lock",
				"${PODS_ROOT}/Manifest.lock",
			);
			name = "[CP] Check Pods Manifest.lock";
			outputFileListPaths = (
			);
			outputPaths = (
				"$(DERIVED_FILE_DIR)/Pods-GifMaker-checkManifestLockResult.txt",
			);
			runOnlyForDeploymentPostprocessing = 0;
			shellPath = /bin/sh;
			shellScript = "diff \"${PODS_PODFILE_DIR_PATH}/Podfile.lock\" \"${PODS_ROOT}/Manifest.lock\" > /dev/null\nif [ $? != 0 ] ; then\n    # print error to STDERR\n    echo \"error: The sandbox is not in sync with the Podfile.lock. Run 'pod install' or update your CocoaPods installation.\" >&2\n    exit 1\nfi\n# This output is used by Xcode 'outputs' to avoid re-running this script phase.\necho \"SUCCESS\" > \"${SCRIPT_OUTPUT_FILE_0}\"\n";
			showEnvVarsInLog = 0;
		};
		B2CD5BF7746F364757791298 /* [CP] Embed Pods Frameworks */ = {
			isa = PBXShellScriptBuildPhase;
			buildActionMask = 2147483647;
			files = (
			);
			inputFileListPaths = (
				"${PODS_ROOT}/Target Support Files/Pods-GifMaker/Pods-GifMaker-frameworks-${CONFIGURATION}-input-files.xcfilelist",
			);
			name = "[CP] Embed Pods Frameworks";
			outputFileListPaths = (
				"${PODS_ROOT}/Target Support Files/Pods-GifMaker/Pods-GifMaker-frameworks-${CONFIGURATION}-output-files.xcfilelist",
			);
			runOnlyForDeploymentPostprocessing = 0;
			shellPath = /bin/sh;
			shellScript = "\"${PODS_ROOT}/Target Support Files/Pods-GifMaker/Pods-GifMaker-frameworks.sh\"\n";
			showEnvVarsInLog = 0;
		};
/* End PBXShellScriptBuildPhase section */

/* Begin PBXSourcesBuildPhase section */
		E8AD8B412A65777900C7BC31 /* Sources */ = {
			isa = PBXSourcesBuildPhase;
			buildActionMask = 2147483647;
			files = (
				E897DCFF2A9651EA000E0FA5 /* videoToGifEditVC.swift in Sources */,
				E83A825F2A766365007D4E92 /* SavedVC.swift in Sources */,
				E82170E92A666FD4009A95E7 /* createCollectionViewCell.swift in Sources */,
				E83A82612A768BC6007D4E92 /* SavedGifsCollectionViewCell.swift in Sources */,
				E8DE642C2A7A69D20032A742 /* PurchaseVC.swift in Sources */,
				E8AD8B492A65777900C7BC31 /* AppDelegate.swift in Sources */,
				E82ED51B2A7045B000AFECE6 /* settingsTableViewCell.swift in Sources */,
				E82170E72A666E17009A95E7 /* createVC.swift in Sources */,
				E8DE64282A78FABC0032A742 /* gifVC.swift in Sources */,
				E8AD8B4B2A65777900C7BC31 /* SceneDelegate.swift in Sources */,
				E8AD8B532A65777900C7BC31 /* GifMaker.xcdatamodeld in Sources */,
				E8B700442A6F15AA00B51F6B /* SettingsVC.swift in Sources */,
				E8C9AE942A7BB3CA00EB8AD9 /* purchaseCollectionViewCell.swift in Sources */,
				E8C0E2E22A9DFD2500698518 /* gifEditCollectionViewCell.swift in Sources */,
				E8C4ABA92A7249E4004AE929 /* CustomTabBarController.swift in Sources */,
				E83A82652A76A8E1007D4E92 /* Helper.swift in Sources */,
			);
			runOnlyForDeploymentPostprocessing = 0;
		};
/* End PBXSourcesBuildPhase section */

/* Begin PBXVariantGroup section */
		E8AD8B4E2A65777900C7BC31 /* Main.storyboard */ = {
			isa = PBXVariantGroup;
			children = (
				E8AD8B4F2A65777900C7BC31 /* Base */,
			);
			name = Main.storyboard;
			sourceTree = "<group>";
		};
		E8AD8B562A65777B00C7BC31 /* LaunchScreen.storyboard */ = {
			isa = PBXVariantGroup;
			children = (
				E8AD8B572A65777B00C7BC31 /* Base */,
			);
			name = LaunchScreen.storyboard;
			sourceTree = "<group>";
		};
/* End PBXVariantGroup section */

/* Begin XCBuildConfiguration section */
		E8AD8B5A2A65777B00C7BC31 /* Debug */ = {
			isa = XCBuildConfiguration;
			buildSettings = {
				ALWAYS_SEARCH_USER_PATHS = NO;
				CLANG_ANALYZER_NONNULL = YES;
				CLANG_ANALYZER_NUMBER_OBJECT_CONVERSION = YES_AGGRESSIVE;
				CLANG_CXX_LANGUAGE_STANDARD = "gnu++20";
				CLANG_ENABLE_MODULES = YES;
				CLANG_ENABLE_OBJC_ARC = YES;
				CLANG_ENABLE_OBJC_WEAK = YES;
				CLANG_WARN_BLOCK_CAPTURE_AUTORELEASING = YES;
				CLANG_WARN_BOOL_CONVERSION = YES;
				CLANG_WARN_COMMA = YES;
				CLANG_WARN_CONSTANT_CONVERSION = YES;
				CLANG_WARN_DEPRECATED_OBJC_IMPLEMENTATIONS = YES;
				CLANG_WARN_DIRECT_OBJC_ISA_USAGE = YES_ERROR;
				CLANG_WARN_DOCUMENTATION_COMMENTS = YES;
				CLANG_WARN_EMPTY_BODY = YES;
				CLANG_WARN_ENUM_CONVERSION = YES;
				CLANG_WARN_INFINITE_RECURSION = YES;
				CLANG_WARN_INT_CONVERSION = YES;
				CLANG_WARN_NON_LITERAL_NULL_CONVERSION = YES;
				CLANG_WARN_OBJC_IMPLICIT_RETAIN_SELF = YES;
				CLANG_WARN_OBJC_LITERAL_CONVERSION = YES;
				CLANG_WARN_OBJC_ROOT_CLASS = YES_ERROR;
				CLANG_WARN_QUOTED_INCLUDE_IN_FRAMEWORK_HEADER = YES;
				CLANG_WARN_RANGE_LOOP_ANALYSIS = YES;
				CLANG_WARN_STRICT_PROTOTYPES = YES;
				CLANG_WARN_SUSPICIOUS_MOVE = YES;
				CLANG_WARN_UNGUARDED_AVAILABILITY = YES_AGGRESSIVE;
				CLANG_WARN_UNREACHABLE_CODE = YES;
				CLANG_WARN__DUPLICATE_METHOD_MATCH = YES;
				COPY_PHASE_STRIP = NO;
				DEBUG_INFORMATION_FORMAT = dwarf;
				ENABLE_STRICT_OBJC_MSGSEND = YES;
				ENABLE_TESTABILITY = YES;
				GCC_C_LANGUAGE_STANDARD = gnu11;
				GCC_DYNAMIC_NO_PIC = NO;
				GCC_NO_COMMON_BLOCKS = YES;
				GCC_OPTIMIZATION_LEVEL = 0;
				GCC_PREPROCESSOR_DEFINITIONS = (
					"DEBUG=1",
					"$(inherited)",
				);
				GCC_WARN_64_TO_32_BIT_CONVERSION = YES;
				GCC_WARN_ABOUT_RETURN_TYPE = YES_ERROR;
				GCC_WARN_UNDECLARED_SELECTOR = YES;
				GCC_WARN_UNINITIALIZED_AUTOS = YES_AGGRESSIVE;
				GCC_WARN_UNUSED_FUNCTION = YES;
				GCC_WARN_UNUSED_VARIABLE = YES;
				IPHONEOS_DEPLOYMENT_TARGET = 16.4;
				MTL_ENABLE_DEBUG_INFO = INCLUDE_SOURCE;
				MTL_FAST_MATH = YES;
				ONLY_ACTIVE_ARCH = YES;
				SDKROOT = iphoneos;
				SWIFT_ACTIVE_COMPILATION_CONDITIONS = DEBUG;
				SWIFT_OPTIMIZATION_LEVEL = "-Onone";
			};
			name = Debug;
		};
		E8AD8B5B2A65777B00C7BC31 /* Release */ = {
			isa = XCBuildConfiguration;
			buildSettings = {
				ALWAYS_SEARCH_USER_PATHS = NO;
				CLANG_ANALYZER_NONNULL = YES;
				CLANG_ANALYZER_NUMBER_OBJECT_CONVERSION = YES_AGGRESSIVE;
				CLANG_CXX_LANGUAGE_STANDARD = "gnu++20";
				CLANG_ENABLE_MODULES = YES;
				CLANG_ENABLE_OBJC_ARC = YES;
				CLANG_ENABLE_OBJC_WEAK = YES;
				CLANG_WARN_BLOCK_CAPTURE_AUTORELEASING = YES;
				CLANG_WARN_BOOL_CONVERSION = YES;
				CLANG_WARN_COMMA = YES;
				CLANG_WARN_CONSTANT_CONVERSION = YES;
				CLANG_WARN_DEPRECATED_OBJC_IMPLEMENTATIONS = YES;
				CLANG_WARN_DIRECT_OBJC_ISA_USAGE = YES_ERROR;
				CLANG_WARN_DOCUMENTATION_COMMENTS = YES;
				CLANG_WARN_EMPTY_BODY = YES;
				CLANG_WARN_ENUM_CONVERSION = YES;
				CLANG_WARN_INFINITE_RECURSION = YES;
				CLANG_WARN_INT_CONVERSION = YES;
				CLANG_WARN_NON_LITERAL_NULL_CONVERSION = YES;
				CLANG_WARN_OBJC_IMPLICIT_RETAIN_SELF = YES;
				CLANG_WARN_OBJC_LITERAL_CONVERSION = YES;
				CLANG_WARN_OBJC_ROOT_CLASS = YES_ERROR;
				CLANG_WARN_QUOTED_INCLUDE_IN_FRAMEWORK_HEADER = YES;
				CLANG_WARN_RANGE_LOOP_ANALYSIS = YES;
				CLANG_WARN_STRICT_PROTOTYPES = YES;
				CLANG_WARN_SUSPICIOUS_MOVE = YES;
				CLANG_WARN_UNGUARDED_AVAILABILITY = YES_AGGRESSIVE;
				CLANG_WARN_UNREACHABLE_CODE = YES;
				CLANG_WARN__DUPLICATE_METHOD_MATCH = YES;
				COPY_PHASE_STRIP = NO;
				DEBUG_INFORMATION_FORMAT = "dwarf-with-dsym";
				ENABLE_NS_ASSERTIONS = NO;
				ENABLE_STRICT_OBJC_MSGSEND = YES;
				GCC_C_LANGUAGE_STANDARD = gnu11;
				GCC_NO_COMMON_BLOCKS = YES;
				GCC_WARN_64_TO_32_BIT_CONVERSION = YES;
				GCC_WARN_ABOUT_RETURN_TYPE = YES_ERROR;
				GCC_WARN_UNDECLARED_SELECTOR = YES;
				GCC_WARN_UNINITIALIZED_AUTOS = YES_AGGRESSIVE;
				GCC_WARN_UNUSED_FUNCTION = YES;
				GCC_WARN_UNUSED_VARIABLE = YES;
				IPHONEOS_DEPLOYMENT_TARGET = 16.4;
				MTL_ENABLE_DEBUG_INFO = NO;
				MTL_FAST_MATH = YES;
				SDKROOT = iphoneos;
				SWIFT_COMPILATION_MODE = wholemodule;
				SWIFT_OPTIMIZATION_LEVEL = "-O";
				VALIDATE_PRODUCT = YES;
			};
			name = Release;
		};
		E8AD8B5D2A65777B00C7BC31 /* Debug */ = {
			isa = XCBuildConfiguration;
			baseConfigurationReference = 056199E67FC8DB49155C61CD /* Pods-GifMaker.debug.xcconfig */;
			buildSettings = {
				ASSETCATALOG_COMPILER_APPICON_NAME = AppIcon;
				ASSETCATALOG_COMPILER_GLOBAL_ACCENT_COLOR_NAME = AccentColor;
				CODE_SIGN_STYLE = Automatic;
				CURRENT_PROJECT_VERSION = 1;
				GENERATE_INFOPLIST_FILE = YES;
				INFOPLIST_FILE = GifMaker/Info.plist;
				INFOPLIST_KEY_UIApplicationSupportsIndirectInputEvents = YES;
				INFOPLIST_KEY_UILaunchStoryboardName = LaunchScreen;
				INFOPLIST_KEY_UIMainStoryboardFile = Main;
				INFOPLIST_KEY_UISupportedInterfaceOrientations = UIInterfaceOrientationPortrait;
				LD_RUNPATH_SEARCH_PATHS = (
					"$(inherited)",
					"@executable_path/Frameworks",
				);
				MARKETING_VERSION = 1.0;
				PRODUCT_BUNDLE_IDENTIFIER = TIPU.GifMaker;
				PRODUCT_NAME = "$(TARGET_NAME)";
				SWIFT_EMIT_LOC_STRINGS = YES;
				SWIFT_VERSION = 5.0;
				TARGETED_DEVICE_FAMILY = "1,2";
			};
			name = Debug;
		};
		E8AD8B5E2A65777B00C7BC31 /* Release */ = {
			isa = XCBuildConfiguration;
			baseConfigurationReference = 250B2EBFB42BDE668192CC91 /* Pods-GifMaker.release.xcconfig */;
			buildSettings = {
				ASSETCATALOG_COMPILER_APPICON_NAME = AppIcon;
				ASSETCATALOG_COMPILER_GLOBAL_ACCENT_COLOR_NAME = AccentColor;
				CODE_SIGN_STYLE = Automatic;
				CURRENT_PROJECT_VERSION = 1;
				GENERATE_INFOPLIST_FILE = YES;
				INFOPLIST_FILE = GifMaker/Info.plist;
				INFOPLIST_KEY_UIApplicationSupportsIndirectInputEvents = YES;
				INFOPLIST_KEY_UILaunchStoryboardName = LaunchScreen;
				INFOPLIST_KEY_UIMainStoryboardFile = Main;
				INFOPLIST_KEY_UISupportedInterfaceOrientations = UIInterfaceOrientationPortrait;
				LD_RUNPATH_SEARCH_PATHS = (
					"$(inherited)",
					"@executable_path/Frameworks",
				);
				MARKETING_VERSION = 1.0;
				PRODUCT_BUNDLE_IDENTIFIER = TIPU.GifMaker;
				PRODUCT_NAME = "$(TARGET_NAME)";
				SWIFT_EMIT_LOC_STRINGS = YES;
				SWIFT_VERSION = 5.0;
				TARGETED_DEVICE_FAMILY = "1,2";
			};
			name = Release;
		};
/* End XCBuildConfiguration section */

/* Begin XCConfigurationList section */
		E8AD8B402A65777900C7BC31 /* Build configuration list for PBXProject "GifMaker" */ = {
			isa = XCConfigurationList;
			buildConfigurations = (
				E8AD8B5A2A65777B00C7BC31 /* Debug */,
				E8AD8B5B2A65777B00C7BC31 /* Release */,
			);
			defaultConfigurationIsVisible = 0;
			defaultConfigurationName = Release;
		};
		E8AD8B5C2A65777B00C7BC31 /* Build configuration list for PBXNativeTarget "GifMaker" */ = {
			isa = XCConfigurationList;
			buildConfigurations = (
				E8AD8B5D2A65777B00C7BC31 /* Debug */,
				E8AD8B5E2A65777B00C7BC31 /* Release */,
			);
			defaultConfigurationIsVisible = 0;
			defaultConfigurationName = Release;
		};
/* End XCConfigurationList section */

/* Begin XCVersionGroup section */
		E8AD8B512A65777900C7BC31 /* GifMaker.xcdatamodeld */ = {
			isa = XCVersionGroup;
			children = (
				E8AD8B522A65777900C7BC31 /* GifMaker.xcdatamodel */,
			);
			currentVersion = E8AD8B522A65777900C7BC31 /* GifMaker.xcdatamodel */;
			path = GifMaker.xcdatamodeld;
			sourceTree = "<group>";
			versionGroupType = wrapper.xcdatamodel;
		};
/* End XCVersionGroup section */
	};
	rootObject = E8AD8B3D2A65777900C7BC31 /* Project object */;
}
