// !$*UTF8*$!
{
	archiveVersion = 1;
	classes = {
	};
	objectVersion = 56;
	objects = {

/* Begin PBXBuildFile section */
		DC9022CDF320871E174AC46A /* Pods_GifMaker.framework in Frameworks */ = {isa = PBXBuildFile; fileRef = 2FE76AF5D5D6C01EF9A8FE73 /* Pods_GifMaker.framework */; };
		E82170E72A666E17009A95E7 /* createVC.swift in Sources */ = {isa = PBXBuildFile; fileRef = E82170E62A666E17009A95E7 /* createVC.swift */; };
		E82170E92A666FD4009A95E7 /* createCollectionViewCell.swift in Sources */ = {isa = PBXBuildFile; fileRef = E82170E82A666FD4009A95E7 /* createCollectionViewCell.swift */; };
		E8AD8B492A65777900C7BC31 /* AppDelegate.swift in Sources */ = {isa = PBXBuildFile; fileRef = E8AD8B482A65777900C7BC31 /* AppDelegate.swift */; };
		E8AD8B4B2A65777900C7BC31 /* SceneDelegate.swift in Sources */ = {isa = PBXBuildFile; fileRef = E8AD8B4A2A65777900C7BC31 /* SceneDelegate.swift */; };
		E8AD8B502A65777900C7BC31 /* Main.storyboard in Resources */ = {isa = PBXBuildFile; fileRef = E8AD8B4E2A65777900C7BC31 /* Main.storyboard */; };
		E8AD8B532A65777900C7BC31 /* GifMaker.xcdatamodeld in Sources */ = {isa = PBXBuildFile; fileRef = E8AD8B512A65777900C7BC31 /* GifMaker.xcdatamodeld */; };
		E8AD8B552A65777B00C7BC31 /* Assets.xcassets in Resources */ = {isa = PBXBuildFile; fileRef = E8AD8B542A65777B00C7BC31 /* Assets.xcassets */; };
		E8AD8B582A65777B00C7BC31 /* LaunchScreen.storyboard in Resources */ = {isa = PBXBuildFile; fileRef = E8AD8B562A65777B00C7BC31 /* LaunchScreen.storyboard */; };
/* End PBXBuildFile section */

/* Begin PBXFileReference section */
		21EA7C44EAEFBBD7AE467225 /* Pods-GifMaker.release.xcconfig */ = {isa = PBXFileReference; includeInIndex = 1; lastKnownFileType = text.xcconfig; name = "Pods-GifMaker.release.xcconfig"; path = "Target Support Files/Pods-GifMaker/Pods-GifMaker.release.xcconfig"; sourceTree = "<group>"; };
		2FE76AF5D5D6C01EF9A8FE73 /* Pods_GifMaker.framework */ = {isa = PBXFileReference; explicitFileType = wrapper.framework; includeInIndex = 0; path = Pods_GifMaker.framework; sourceTree = BUILT_PRODUCTS_DIR; };
		55D0E1FDFCF9F46E331F989B /* Pods-GifMaker.debug.xcconfig */ = {isa = PBXFileReference; includeInIndex = 1; lastKnownFileType = text.xcconfig; name = "Pods-GifMaker.debug.xcconfig"; path = "Target Support Files/Pods-GifMaker/Pods-GifMaker.debug.xcconfig"; sourceTree = "<group>"; };
		E82170E62A666E17009A95E7 /* createVC.swift */ = {isa = PBXFileReference; lastKnownFileType = sourcecode.swift; path = createVC.swift; sourceTree = "<group>"; };
		E82170E82A666FD4009A95E7 /* createCollectionViewCell.swift */ = {isa = PBXFileReference; lastKnownFileType = sourcecode.swift; path = createCollectionViewCell.swift; sourceTree = "<group>"; };
		E8AD8B452A65777900C7BC31 /* GifMaker.app */ = {isa = PBXFileReference; explicitFileType = wrapper.application; includeInIndex = 0; path = GifMaker.app; sourceTree = BUILT_PRODUCTS_DIR; };
		E8AD8B482A65777900C7BC31 /* AppDelegate.swift */ = {isa = PBXFileReference; lastKnownFileType = sourcecode.swift; path = AppDelegate.swift; sourceTree = "<group>"; };
		E8AD8B4A2A65777900C7BC31 /* SceneDelegate.swift */ = {isa = PBXFileReference; lastKnownFileType = sourcecode.swift; path = SceneDelegate.swift; sourceTree = "<group>"; };
		E8AD8B4F2A65777900C7BC31 /* Base */ = {isa = PBXFileReference; lastKnownFileType = file.storyboard; name = Base; path = Base.lproj/Main.storyboard; sourceTree = "<group>"; };
		E8AD8B522A65777900C7BC31 /* GifMaker.xcdatamodel */ = {isa = PBXFileReference; lastKnownFileType = wrapper.xcdatamodel; path = GifMaker.xcdatamodel; sourceTree = "<group>"; };
		E8AD8B542A65777B00C7BC31 /* Assets.xcassets */ = {isa = PBXFileReference; lastKnownFileType = folder.assetcatalog; path = Assets.xcassets; sourceTree = "<group>"; };
		E8AD8B572A65777B00C7BC31 /* Base */ = {isa = PBXFileReference; lastKnownFileType = file.storyboard; name = Base; path = Base.lproj/LaunchScreen.storyboard; sourceTree = "<group>"; };
		E8AD8B592A65777B00C7BC31 /* Info.plist */ = {isa = PBXFileReference; lastKnownFileType = text.plist.xml; path = Info.plist; sourceTree = "<group>"; };
/* End PBXFileReference section */

/* Begin PBXFrameworksBuildPhase section */
		E8AD8B422A65777900C7BC31 /* Frameworks */ = {
			isa = PBXFrameworksBuildPhase;
			buildActionMask = 2147483647;
			files = (
				DC9022CDF320871E174AC46A /* Pods_GifMaker.framework in Frameworks */,
			);
			runOnlyForDeploymentPostprocessing = 0;
		};
/* End PBXFrameworksBuildPhase section */

/* Begin PBXGroup section */
		47627B1D6136FD86DDC2BA6F /* Pods */ = {
			isa = PBXGroup;
			children = (
				55D0E1FDFCF9F46E331F989B /* Pods-GifMaker.debug.xcconfig */,
				21EA7C44EAEFBBD7AE467225 /* Pods-GifMaker.release.xcconfig */,
			);
			path = Pods;
			sourceTree = "<group>";
		};
		D615B7A53B9E3B77583A8B33 /* Frameworks */ = {
			isa = PBXGroup;
			children = (
				2FE76AF5D5D6C01EF9A8FE73 /* Pods_GifMaker.framework */,
			);
			name = Frameworks;
			sourceTree = "<group>";
		};
		E8AD8B3C2A65777900C7BC31 = {
			isa = PBXGroup;
			children = (
				E8AD8B472A65777900C7BC31 /* GifMaker */,
				E8AD8B462A65777900C7BC31 /* Products */,
				47627B1D6136FD86DDC2BA6F /* Pods */,
				D615B7A53B9E3B77583A8B33 /* Frameworks */,
			);
			sourceTree = "<group>";
		};
		E8AD8B462A65777900C7BC31 /* Products */ = {
			isa = PBXGroup;
			children = (
				E8AD8B452A65777900C7BC31 /* GifMaker.app */,
			);
			name = Products;
			sourceTree = "<group>";
		};
		E8AD8B472A65777900C7BC31 /* GifMaker */ = {
			isa = PBXGroup;
			children = (
				E8AD8B482A65777900C7BC31 /* AppDelegate.swift */,
				E8AD8B4A2A65777900C7BC31 /* SceneDelegate.swift */,
				E8AD8B4E2A65777900C7BC31 /* Main.storyboard */,
				E8AD8B542A65777B00C7BC31 /* Assets.xcassets */,
				E8AD8B562A65777B00C7BC31 /* LaunchScreen.storyboard */,
				E8AD8B592A65777B00C7BC31 /* Info.plist */,
				E8AD8B512A65777900C7BC31 /* GifMaker.xcdatamodeld */,
				E82170E62A666E17009A95E7 /* createVC.swift */,
				E82170E82A666FD4009A95E7 /* createCollectionViewCell.swift */,
			);
			path = GifMaker;
			sourceTree = "<group>";
		};
/* End PBXGroup section */

/* Begin PBXNativeTarget section */
		E8AD8B442A65777900C7BC31 /* GifMaker */ = {
			isa = PBXNativeTarget;
			buildConfigurationList = E8AD8B5C2A65777B00C7BC31 /* Build configuration list for PBXNativeTarget "GifMaker" */;
			buildPhases = (
				D9057372BFB19C140BF2750D /* [CP] Check Pods Manifest.lock */,
				E8AD8B412A65777900C7BC31 /* Sources */,
				E8AD8B422A65777900C7BC31 /* Frameworks */,
				E8AD8B432A65777900C7BC31 /* Resources */,
				CFDC50A103092A5C25008D32 /* [CP] Embed Pods Frameworks */,
			);
			buildRules = (
			);
			dependencies = (
			);
			name = GifMaker;
			productName = GifMaker;
			productReference = E8AD8B452A65777900C7BC31 /* GifMaker.app */;
			productType = "com.apple.product-type.application";
		};
/* End PBXNativeTarget section */

/* Begin PBXProject section */
		E8AD8B3D2A65777900C7BC31 /* Project object */ = {
			isa = PBXProject;
			attributes = {
				BuildIndependentTargetsInParallel = 1;
				LastSwiftUpdateCheck = 1430;
				LastUpgradeCheck = 1430;
				TargetAttributes = {
					E8AD8B442A65777900C7BC31 = {
						CreatedOnToolsVersion = 14.3;
					};
				};
			};
			buildConfigurationList = E8AD8B402A65777900C7BC31 /* Build configuration list for PBXProject "GifMaker" */;
			compatibilityVersion = "Xcode 14.0";
			developmentRegion = en;
			hasScannedForEncodings = 0;
			knownRegions = (
				en,
				Base,
			);
			mainGroup = E8AD8B3C2A65777900C7BC31;
			productRefGroup = E8AD8B462A65777900C7BC31 /* Products */;
			projectDirPath = "";
			projectRoot = "";
			targets = (
				E8AD8B442A65777900C7BC31 /* GifMaker */,
			);
		};
/* End PBXProject section */

/* Begin PBXResourcesBuildPhase section */
		E8AD8B432A65777900C7BC31 /* Resources */ = {
			isa = PBXResourcesBuildPhase;
			buildActionMask = 2147483647;
			files = (
				E8AD8B582A65777B00C7BC31 /* LaunchScreen.storyboard in Resources */,
				E8AD8B552A65777B00C7BC31 /* Assets.xcassets in Resources */,
				E8AD8B502A65777900C7BC31 /* Main.storyboard in Resources */,
			);
			runOnlyForDeploymentPostprocessing = 0;
		};
/* End PBXResourcesBuildPhase section */

/* Begin PBXShellScriptBuildPhase section */
		CFDC50A103092A5C25008D32 /* [CP] Embed Pods Frameworks */ = {
			isa = PBXShellScriptBuildPhase;
			buildActionMask = 2147483647;
			files = (
			);
			inputFileListPaths = (
				"${PODS_ROOT}/Target Support Files/Pods-GifMaker/Pods-GifMaker-frameworks-${CONFIGURATION}-input-files.xcfilelist",
			);
			name = "[CP] Embed Pods Frameworks";
			outputFileListPaths = (
				"${PODS_ROOT}/Target Support Files/Pods-GifMaker/Pods-GifMaker-frameworks-${CONFIGURATION}-output-files.xcfilelist",
			);
			runOnlyForDeploymentPostprocessing = 0;
			shellPath = /bin/sh;
			shellScript = "\"${PODS_ROOT}/Target Support Files/Pods-GifMaker/Pods-GifMaker-frameworks.sh\"\n";
			showEnvVarsInLog = 0;
		};
		D9057372BFB19C140BF2750D /* [CP] Check Pods Manifest.lock */ = {
			isa = PBXShellScriptBuildPhase;
			buildActionMask = 2147483647;
			files = (
			);
			inputFileListPaths = (
			);
			inputPaths = (
				"${PODS_PODFILE_DIR_PATH}/Podfile.lock",
				"${PODS_ROOT}/Manifest.lock",
			);
			name = "[CP] Check Pods Manifest.lock";
			outputFileListPaths = (
			);
			outputPaths = (
				"$(DERIVED_FILE_DIR)/Pods-GifMaker-checkManifestLockResult.txt",
			);
			runOnlyForDeploymentPostprocessing = 0;
			shellPath = /bin/sh;
			shellScript = "diff \"${PODS_PODFILE_DIR_PATH}/Podfile.lock\" \"${PODS_ROOT}/Manifest.lock\" > /dev/null\nif [ $? != 0 ] ; then\n    # print error to STDERR\n    echo \"error: The sandbox is not in sync with the Podfile.lock. Run 'pod install' or update your CocoaPods installation.\" >&2\n    exit 1\nfi\n# This output is used by Xcode 'outputs' to avoid re-running this script phase.\necho \"SUCCESS\" > \"${SCRIPT_OUTPUT_FILE_0}\"\n";
			showEnvVarsInLog = 0;
		};
/* End PBXShellScriptBuildPhase section */

/* Begin PBXSourcesBuildPhase section */
		E8AD8B412A65777900C7BC31 /* Sources */ = {
			isa = PBXSourcesBuildPhase;
			buildActionMask = 2147483647;
			files = (
				E82170E92A666FD4009A95E7 /* createCollectionViewCell.swift in Sources */,
				E8AD8B492A65777900C7BC31 /* AppDelegate.swift in Sources */,
				E82170E72A666E17009A95E7 /* createVC.swift in Sources */,
				E8AD8B4B2A65777900C7BC31 /* SceneDelegate.swift in Sources */,
				E8AD8B532A65777900C7BC31 /* GifMaker.xcdatamodeld in Sources */,
			);
			runOnlyForDeploymentPostprocessing = 0;
		};
/* End PBXSourcesBuildPhase section */

/* Begin PBXVariantGroup section */
		E8AD8B4E2A65777900C7BC31 /* Main.storyboard */ = {
			isa = PBXVariantGroup;
			children = (
				E8AD8B4F2A65777900C7BC31 /* Base */,
			);
			name = Main.storyboard;
			sourceTree = "<group>";
		};
		E8AD8B562A65777B00C7BC31 /* LaunchScreen.storyboard */ = {
			isa = PBXVariantGroup;
			children = (
				E8AD8B572A65777B00C7BC31 /* Base */,
			);
			name = LaunchScreen.storyboard;
			sourceTree = "<group>";
		};
/* End PBXVariantGroup section */

/* Begin XCBuildConfiguration section */
		E8AD8B5A2A65777B00C7BC31 /* Debug */ = {
			isa = XCBuildConfiguration;
			buildSettings = {
				ALWAYS_SEARCH_USER_PATHS = NO;
				CLANG_ANALYZER_NONNULL = YES;
				CLANG_ANALYZER_NUMBER_OBJECT_CONVERSION = YES_AGGRESSIVE;
				CLANG_CXX_LANGUAGE_STANDARD = "gnu++20";
				CLANG_ENABLE_MODULES = YES;
				CLANG_ENABLE_OBJC_ARC = YES;
				CLANG_ENABLE_OBJC_WEAK = YES;
				CLANG_WARN_BLOCK_CAPTURE_AUTORELEASING = YES;
				CLANG_WARN_BOOL_CONVERSION = YES;
				CLANG_WARN_COMMA = YES;
				CLANG_WARN_CONSTANT_CONVERSION = YES;
				CLANG_WARN_DEPRECATED_OBJC_IMPLEMENTATIONS = YES;
				CLANG_WARN_DIRECT_OBJC_ISA_USAGE = YES_ERROR;
				CLANG_WARN_DOCUMENTATION_COMMENTS = YES;
				CLANG_WARN_EMPTY_BODY = YES;
				CLANG_WARN_ENUM_CONVERSION = YES;
				CLANG_WARN_INFINITE_RECURSION = YES;
				CLANG_WARN_INT_CONVERSION = YES;
				CLANG_WARN_NON_LITERAL_NULL_CONVERSION = YES;
				CLANG_WARN_OBJC_IMPLICIT_RETAIN_SELF = YES;
				CLANG_WARN_OBJC_LITERAL_CONVERSION = YES;
				CLANG_WARN_OBJC_ROOT_CLASS = YES_ERROR;
				CLANG_WARN_QUOTED_INCLUDE_IN_FRAMEWORK_HEADER = YES;
				CLANG_WARN_RANGE_LOOP_ANALYSIS = YES;
				CLANG_WARN_STRICT_PROTOTYPES = YES;
				CLANG_WARN_SUSPICIOUS_MOVE = YES;
				CLANG_WARN_UNGUARDED_AVAILABILITY = YES_AGGRESSIVE;
				CLANG_WARN_UNREACHABLE_CODE = YES;
				CLANG_WARN__DUPLICATE_METHOD_MATCH = YES;
				COPY_PHASE_STRIP = NO;
				DEBUG_INFORMATION_FORMAT = dwarf;
				ENABLE_STRICT_OBJC_MSGSEND = YES;
				ENABLE_TESTABILITY = YES;
				GCC_C_LANGUAGE_STANDARD = gnu11;
				GCC_DYNAMIC_NO_PIC = NO;
				GCC_NO_COMMON_BLOCKS = YES;
				GCC_OPTIMIZATION_LEVEL = 0;
				GCC_PREPROCESSOR_DEFINITIONS = (
					"DEBUG=1",
					"$(inherited)",
				);
				GCC_WARN_64_TO_32_BIT_CONVERSION = YES;
				GCC_WARN_ABOUT_RETURN_TYPE = YES_ERROR;
				GCC_WARN_UNDECLARED_SELECTOR = YES;
				GCC_WARN_UNINITIALIZED_AUTOS = YES_AGGRESSIVE;
				GCC_WARN_UNUSED_FUNCTION = YES;
				GCC_WARN_UNUSED_VARIABLE = YES;
				IPHONEOS_DEPLOYMENT_TARGET = 16.4;
				MTL_ENABLE_DEBUG_INFO = INCLUDE_SOURCE;
				MTL_FAST_MATH = YES;
				ONLY_ACTIVE_ARCH = YES;
				SDKROOT = iphoneos;
				SWIFT_ACTIVE_COMPILATION_CONDITIONS = DEBUG;
				SWIFT_OPTIMIZATION_LEVEL = "-Onone";
			};
			name = Debug;
		};
		E8AD8B5B2A65777B00C7BC31 /* Release */ = {
			isa = XCBuildConfiguration;
			buildSettings = {
				ALWAYS_SEARCH_USER_PATHS = NO;
				CLANG_ANALYZER_NONNULL = YES;
				CLANG_ANALYZER_NUMBER_OBJECT_CONVERSION = YES_AGGRESSIVE;
				CLANG_CXX_LANGUAGE_STANDARD = "gnu++20";
				CLANG_ENABLE_MODULES = YES;
				CLANG_ENABLE_OBJC_ARC = YES;
				CLANG_ENABLE_OBJC_WEAK = YES;
				CLANG_WARN_BLOCK_CAPTURE_AUTORELEASING = YES;
				CLANG_WARN_BOOL_CONVERSION = YES;
				CLANG_WARN_COMMA = YES;
				CLANG_WARN_CONSTANT_CONVERSION = YES;
				CLANG_WARN_DEPRECATED_OBJC_IMPLEMENTATIONS = YES;
				CLANG_WARN_DIRECT_OBJC_ISA_USAGE = YES_ERROR;
				CLANG_WARN_DOCUMENTATION_COMMENTS = YES;
				CLANG_WARN_EMPTY_BODY = YES;
				CLANG_WARN_ENUM_CONVERSION = YES;
				CLANG_WARN_INFINITE_RECURSION = YES;
				CLANG_WARN_INT_CONVERSION = YES;
				CLANG_WARN_NON_LITERAL_NULL_CONVERSION = YES;
				CLANG_WARN_OBJC_IMPLICIT_RETAIN_SELF = YES;
				CLANG_WARN_OBJC_LITERAL_CONVERSION = YES;
				CLANG_WARN_OBJC_ROOT_CLASS = YES_ERROR;
				CLANG_WARN_QUOTED_INCLUDE_IN_FRAMEWORK_HEADER = YES;
				CLANG_WARN_RANGE_LOOP_ANALYSIS = YES;
				CLANG_WARN_STRICT_PROTOTYPES = YES;
				CLANG_WARN_SUSPICIOUS_MOVE = YES;
				CLANG_WARN_UNGUARDED_AVAILABILITY = YES_AGGRESSIVE;
				CLANG_WARN_UNREACHABLE_CODE = YES;
				CLANG_WARN__DUPLICATE_METHOD_MATCH = YES;
				COPY_PHASE_STRIP = NO;
				DEBUG_INFORMATION_FORMAT = "dwarf-with-dsym";
				ENABLE_NS_ASSERTIONS = NO;
				ENABLE_STRICT_OBJC_MSGSEND = YES;
				GCC_C_LANGUAGE_STANDARD = gnu11;
				GCC_NO_COMMON_BLOCKS = YES;
				GCC_WARN_64_TO_32_BIT_CONVERSION = YES;
				GCC_WARN_ABOUT_RETURN_TYPE = YES_ERROR;
				GCC_WARN_UNDECLARED_SELECTOR = YES;
				GCC_WARN_UNINITIALIZED_AUTOS = YES_AGGRESSIVE;
				GCC_WARN_UNUSED_FUNCTION = YES;
				GCC_WARN_UNUSED_VARIABLE = YES;
				IPHONEOS_DEPLOYMENT_TARGET = 16.4;
				MTL_ENABLE_DEBUG_INFO = NO;
				MTL_FAST_MATH = YES;
				SDKROOT = iphoneos;
				SWIFT_COMPILATION_MODE = wholemodule;
				SWIFT_OPTIMIZATION_LEVEL = "-O";
				VALIDATE_PRODUCT = YES;
			};
			name = Release;
		};
		E8AD8B5D2A65777B00C7BC31 /* Debug */ = {
			isa = XCBuildConfiguration;
			baseConfigurationReference = 55D0E1FDFCF9F46E331F989B /* Pods-GifMaker.debug.xcconfig */;
			buildSettings = {
				ASSETCATALOG_COMPILER_APPICON_NAME = AppIcon;
				ASSETCATALOG_COMPILER_GLOBAL_ACCENT_COLOR_NAME = AccentColor;
				CODE_SIGN_STYLE = Automatic;
				CURRENT_PROJECT_VERSION = 1;
				GENERATE_INFOPLIST_FILE = YES;
				INFOPLIST_FILE = GifMaker/Info.plist;
				INFOPLIST_KEY_UIApplicationSupportsIndirectInputEvents = YES;
				INFOPLIST_KEY_UILaunchStoryboardName = LaunchScreen;
				INFOPLIST_KEY_UIMainStoryboardFile = Main;
				INFOPLIST_KEY_UISupportedInterfaceOrientations = UIInterfaceOrientationPortrait;
				LD_RUNPATH_SEARCH_PATHS = (
					"$(inherited)",
					"@executable_path/Frameworks",
				);
				MARKETING_VERSION = 1.0;
				PRODUCT_BUNDLE_IDENTIFIER = TIPU.GifMaker;
				PRODUCT_NAME = "$(TARGET_NAME)";
				SWIFT_EMIT_LOC_STRINGS = YES;
				SWIFT_VERSION = 5.0;
				TARGETED_DEVICE_FAMILY = "1,2";
			};
			name = Debug;
		};
		E8AD8B5E2A65777B00C7BC31 /* Release */ = {
			isa = XCBuildConfiguration;
			baseConfigurationReference = 21EA7C44EAEFBBD7AE467225 /* Pods-GifMaker.release.xcconfig */;
			buildSettings = {
				ASSETCATALOG_COMPILER_APPICON_NAME = AppIcon;
				ASSETCATALOG_COMPILER_GLOBAL_ACCENT_COLOR_NAME = AccentColor;
				CODE_SIGN_STYLE = Automatic;
				CURRENT_PROJECT_VERSION = 1;
				GENERATE_INFOPLIST_FILE = YES;
				INFOPLIST_FILE = GifMaker/Info.plist;
				INFOPLIST_KEY_UIApplicationSupportsIndirectInputEvents = YES;
				INFOPLIST_KEY_UILaunchStoryboardName = LaunchScreen;
				INFOPLIST_KEY_UIMainStoryboardFile = Main;
				INFOPLIST_KEY_UISupportedInterfaceOrientations = UIInterfaceOrientationPortrait;
				LD_RUNPATH_SEARCH_PATHS = (
					"$(inherited)",
					"@executable_path/Frameworks",
				);
				MARKETING_VERSION = 1.0;
				PRODUCT_BUNDLE_IDENTIFIER = TIPU.GifMaker;
				PRODUCT_NAME = "$(TARGET_NAME)";
				SWIFT_EMIT_LOC_STRINGS = YES;
				SWIFT_VERSION = 5.0;
				TARGETED_DEVICE_FAMILY = "1,2";
			};
			name = Release;
		};
/* End XCBuildConfiguration section */

/* Begin XCConfigurationList section */
		E8AD8B402A65777900C7BC31 /* Build configuration list for PBXProject "GifMaker" */ = {
			isa = XCConfigurationList;
			buildConfigurations = (
				E8AD8B5A2A65777B00C7BC31 /* Debug */,
				E8AD8B5B2A65777B00C7BC31 /* Release */,
			);
			defaultConfigurationIsVisible = 0;
			defaultConfigurationName = Release;
		};
		E8AD8B5C2A65777B00C7BC31 /* Build configuration list for PBXNativeTarget "GifMaker" */ = {
			isa = XCConfigurationList;
			buildConfigurations = (
				E8AD8B5D2A65777B00C7BC31 /* Debug */,
				E8AD8B5E2A65777B00C7BC31 /* Release */,
			);
			defaultConfigurationIsVisible = 0;
			defaultConfigurationName = Release;
		};
/* End XCConfigurationList section */

/* Begin XCVersionGroup section */
		E8AD8B512A65777900C7BC31 /* GifMaker.xcdatamodeld */ = {
			isa = XCVersionGroup;
			children = (
				E8AD8B522A65777900C7BC31 /* GifMaker.xcdatamodel */,
			);
			currentVersion = E8AD8B522A65777900C7BC31 /* GifMaker.xcdatamodel */;
			path = GifMaker.xcdatamodeld;
			sourceTree = "<group>";
			versionGroupType = wrapper.xcdatamodel;
		};
/* End XCVersionGroup section */
	};
	rootObject = E8AD8B3D2A65777900C7BC31 /* Project object */;
}
